// !$*UTF8*$!
{
	archiveVersion = 1;
	classes = {
	};
	objectVersion = 77;
	objects = {

/* Begin PBXBuildFile section */
		A383DEBF2FD707BE00AA79E7 /* .gitignore in Resources */ = {isa = PBXBuildFile; fileRef = A383DEBE2FD707BE00AA79E7 /* .gitignore */; };
/* End PBXBuildFile section */

/* Begin PBXContainerItemProxy section */
		A383DEA02FD7038900AA79E7 /* PBXContainerItemProxy */ = {
			isa = PBXContainerItemProxy;
			containerPortal = A383DE882FD7038700AA79E7 /* Project object */;
			proxyType = 1;
			remoteGlobalIDString = A383DE8F2FD7038700AA79E7;
			remoteInfo = Commendo;
		};
		A383DEAA2FD7038900AA79E7 /* PBXContainerItemProxy */ = {
			isa = PBXContainerItemProxy;
			containerPortal = A383DE882FD7038700AA79E7 /* Project object */;
			proxyType = 1;
			remoteGlobalIDString = A383DE8F2FD7038700AA79E7;
			remoteInfo = Commendo;
		};
/* End PBXContainerItemProxy section */

/* Begin PBXFileReference section */
		A383DE902FD7038700AA79E7 /* Commendo.app */ = {isa = PBXFileReference; explicitFileType = wrapper.application; includeInIndex = 0; path = Commendo.app; sourceTree = BUILT_PRODUCTS_DIR; };
		A383DE9F2FD7038900AA79E7 /* CommendoTests.xctest */ = {isa = PBXFileReference; explicitFileType = wrapper.cfbundle; includeInIndex = 0; path = CommendoTests.xctest; sourceTree = BUILT_PRODUCTS_DIR; };
		A383DEA92FD7038900AA79E7 /* CommendoUITests.xctest */ = {isa = PBXFileReference; explicitFileType = wrapper.cfbundle; includeInIndex = 0; path = CommendoUITests.xctest; sourceTree = BUILT_PRODUCTS_DIR; };
		A383DEBE2FD707BE00AA79E7 /* .gitignore */ = {isa = PBXFileReference; lastKnownFileType = text; path = .gitignore; sourceTree = "<group>"; };
		A383DEC02FD7270000AA79E7 /* Config */ = {isa = PBXFileReference; lastKnownFileType = folder; path = Config; sourceTree = "<group>"; };
		A383DEC12FD7270000AA79E7 /* Config/App.xcconfig */ = {isa = PBXFileReference; lastKnownFileType = text.xcconfig; path = Config/App.xcconfig; sourceTree = "<group>"; };
/* End PBXFileReference section */

/* Begin PBXFileSystemSynchronizedBuildFileExceptionSet section */
		A383DEC22FD7270000AA79E7 /* Exceptions for "Commendo" folder in "Commendo" target */ = {
			isa = PBXFileSystemSynchronizedBuildFileExceptionSet;
			membershipExceptions = (
				Info.plist,
			);
			target = A383DE8F2FD7038700AA79E7 /* Commendo */;
		};
/* End PBXFileSystemSynchronizedBuildFileExceptionSet section */

/* Begin PBXFileSystemSynchronizedRootGroup section */
		A383DE922FD7038700AA79E7 /* Commendo */ = {
			isa = PBXFileSystemSynchronizedRootGroup;
			exceptions = (
				A383DEC22FD7270000AA79E7 /* Exceptions for "Commendo" folder in "Commendo" target */,
			);
			path = Commendo;
			sourceTree = "<group>";
		};
		A383DEA22FD7038900AA79E7 /* CommendoTests */ = {
			isa = PBXFileSystemSynchronizedRootGroup;
			path = CommendoTests;
			sourceTree = "<group>";
		};
		A383DEAC2FD7038900AA79E7 /* CommendoUITests */ = {
			isa = PBXFileSystemSynchronizedRootGroup;
			path = CommendoUITests;
			sourceTree = "<group>";
		};
/* End PBXFileSystemSynchronizedRootGroup section */

/* Begin PBXFrameworksBuildPhase section */
		A383DE8D2FD7038700AA79E7 /* Frameworks */ = {
			isa = PBXFrameworksBuildPhase;
			buildActionMask = 2147483647;
			files = (
			);
			runOnlyForDeploymentPostprocessing = 0;
		};
		A383DE9C2FD7038900AA79E7 /* Frameworks */ = {
			isa = PBXFrameworksBuildPhase;
			buildActionMask = 2147483647;
			files = (
			);
			runOnlyForDeploymentPostprocessing = 0;
		};
		A383DEA62FD7038900AA79E7 /* Frameworks */ = {
			isa = PBXFrameworksBuildPhase;
			buildActionMask = 2147483647;
			files = (
			);
			runOnlyForDeploymentPostprocessing = 0;
		};
/* End PBXFrameworksBuildPhase section */

/* Begin PBXGroup section */
		A37CD8E92FD7DFA50090696C /* Recovered References */ = {
			isa = PBXGroup;
			children = (
				A383DEC12FD7270000AA79E7 /* Config/App.xcconfig */,
			);
			name = "Recovered References";
			sourceTree = "<group>";
		};
		A383DE872FD7038700AA79E7 = {
			isa = PBXGroup;
			children = (
				A383DEBE2FD707BE00AA79E7 /* .gitignore */,
				A383DEC02FD7270000AA79E7 /* Config */,
				A383DE922FD7038700AA79E7 /* Commendo */,
				A383DEA22FD7038900AA79E7 /* CommendoTests */,
				A383DEAC2FD7038900AA79E7 /* CommendoUITests */,
				A383DE912FD7038700AA79E7 /* Products */,
				A37CD8E92FD7DFA50090696C /* Recovered References */,
			);
			sourceTree = "<group>";
		};
		A383DE912FD7038700AA79E7 /* Products */ = {
			isa = PBXGroup;
			children = (
				A383DE902FD7038700AA79E7 /* Commendo.app */,
				A383DE9F2FD7038900AA79E7 /* CommendoTests.xctest */,
				A383DEA92FD7038900AA79E7 /* CommendoUITests.xctest */,
			);
			name = Products;
			sourceTree = "<group>";
		};
/* End PBXGroup section */

/* Begin PBXNativeTarget section */
		A383DE8F2FD7038700AA79E7 /* Commendo */ = {
			isa = PBXNativeTarget;
			buildConfigurationList = A383DEB32FD7038900AA79E7 /* Build configuration list for PBXNativeTarget "Commendo" */;
			buildPhases = (
				A383DE8C2FD7038700AA79E7 /* Sources */,
				A383DE8D2FD7038700AA79E7 /* Frameworks */,
				A383DE8E2FD7038700AA79E7 /* Resources */,
			);
			buildRules = (
			);
			dependencies = (
			);
			fileSystemSynchronizedGroups = (
				A383DE922FD7038700AA79E7 /* Commendo */,
			);
			name = Commendo;
			packageProductDependencies = (
			);
			productName = Commendo;
			productReference = A383DE902FD7038700AA79E7 /* Commendo.app */;
			productType = "com.apple.product-type.application";
		};
		A383DE9E2FD7038900AA79E7 /* CommendoTests */ = {
			isa = PBXNativeTarget;
			buildConfigurationList = A383DEB62FD7038900AA79E7 /* Build configuration list for PBXNativeTarget "CommendoTests" */;
			buildPhases = (
				A383DE9B2FD7038900AA79E7 /* Sources */,
				A383DE9C2FD7038900AA79E7 /* Frameworks */,
				A383DE9D2FD7038900AA79E7 /* Resources */,
			);
			buildRules = (
			);
			dependencies = (
				A383DEA12FD7038900AA79E7 /* PBXTargetDependency */,
			);
			fileSystemSynchronizedGroups = (
				A383DEA22FD7038900AA79E7 /* CommendoTests */,
			);
			name = CommendoTests;
			packageProductDependencies = (
			);
			productName = CommendoTests;
			productReference = A383DE9F2FD7038900AA79E7 /* CommendoTests.xctest */;
			productType = "com.apple.product-type.bundle.unit-test";
		};
		A383DEA82FD7038900AA79E7 /* CommendoUITests */ = {
			isa = PBXNativeTarget;
			buildConfigurationList = A383DEB92FD7038900AA79E7 /* Build configuration list for PBXNativeTarget "CommendoUITests" */;
			buildPhases = (
				A383DEA52FD7038900AA79E7 /* Sources */,
				A383DEA62FD7038900AA79E7 /* Frameworks */,
				A383DEA72FD7038900AA79E7 /* Resources */,
			);
			buildRules = (
			);
			dependencies = (
				A383DEAB2FD7038900AA79E7 /* PBXTargetDependency */,
			);
			fileSystemSynchronizedGroups = (
				A383DEAC2FD7038900AA79E7 /* CommendoUITests */,
			);
			name = CommendoUITests;
			packageProductDependencies = (
			);
			productName = CommendoUITests;
			productReference = A383DEA92FD7038900AA79E7 /* CommendoUITests.xctest */;
			productType = "com.apple.product-type.bundle.ui-testing";
		};
/* End PBXNativeTarget section */

/* Begin PBXProject section */
		A383DE882FD7038700AA79E7 /* Project object */ = {
			isa = PBXProject;
			attributes = {
				BuildIndependentTargetsInParallel = 1;
				LastSwiftUpdateCheck = 2650;
				LastUpgradeCheck = 2650;
				TargetAttributes = {
					A383DE8F2FD7038700AA79E7 = {
						CreatedOnToolsVersion = 26.5;
					};
					A383DE9E2FD7038900AA79E7 = {
						CreatedOnToolsVersion = 26.5;
						TestTargetID = A383DE8F2FD7038700AA79E7;
					};
					A383DEA82FD7038900AA79E7 = {
						CreatedOnToolsVersion = 26.5;
						TestTargetID = A383DE8F2FD7038700AA79E7;
					};
				};
			};
			buildConfigurationList = A383DE8B2FD7038700AA79E7 /* Build configuration list for PBXProject "Commendo" */;
			developmentRegion = en;
			hasScannedForEncodings = 0;
			knownRegions = (
				en,
				Base,
			);
			mainGroup = A383DE872FD7038700AA79E7;
			minimizedProjectReferenceProxies = 1;
			preferredProjectObjectVersion = 77;
			productRefGroup = A383DE912FD7038700AA79E7 /* Products */;
			projectDirPath = "";
			projectRoot = "";
			targets = (
				A383DE8F2FD7038700AA79E7 /* Commendo */,
				A383DE9E2FD7038900AA79E7 /* CommendoTests */,
				A383DEA82FD7038900AA79E7 /* CommendoUITests */,
			);
		};
/* End PBXProject section */

/* Begin PBXResourcesBuildPhase section */
		A383DE8E2FD7038700AA79E7 /* Resources */ = {
			isa = PBXResourcesBuildPhase;
			buildActionMask = 2147483647;
			files = (
				A383DEBF2FD707BE00AA79E7 /* .gitignore in Resources */,
			);
			runOnlyForDeploymentPostprocessing = 0;
		};
		A383DE9D2FD7038900AA79E7 /* Resources */ = {
			isa = PBXResourcesBuildPhase;
			buildActionMask = 2147483647;
			files = (
			);
			runOnlyForDeploymentPostprocessing = 0;
		};
		A383DEA72FD7038900AA79E7 /* Resources */ = {
			isa = PBXResourcesBuildPhase;
			buildActionMask = 2147483647;
			files = (
			);
			runOnlyForDeploymentPostprocessing = 0;
		};
/* End PBXResourcesBuildPhase section */

/* Begin PBXSourcesBuildPhase section */
		A383DE8C2FD7038700AA79E7 /* Sources */ = {
			isa = PBXSourcesBuildPhase;
			buildActionMask = 2147483647;
			files = (
			);
			runOnlyForDeploymentPostprocessing = 0;
		};
		A383DE9B2FD7038900AA79E7 /* Sources */ = {
			isa = PBXSourcesBuildPhase;
			buildActionMask = 2147483647;
			files = (
			);
			runOnlyForDeploymentPostprocessing = 0;
		};
		A383DEA52FD7038900AA79E7 /* Sources */ = {
			isa = PBXSourcesBuildPhase;
			buildActionMask = 2147483647;
			files = (
			);
			runOnlyForDeploymentPostprocessing = 0;
		};
/* End PBXSourcesBuildPhase section */

/* Begin PBXTargetDependency section */
		A383DEA12FD7038900AA79E7 /* PBXTargetDependency */ = {
			isa = PBXTargetDependency;
			target = A383DE8F2FD7038700AA79E7 /* Commendo */;
			targetProxy = A383DEA02FD7038900AA79E7 /* PBXContainerItemProxy */;
		};
		A383DEAB2FD7038900AA79E7 /* PBXTargetDependency */ = {
			isa = PBXTargetDependency;
			target = A383DE8F2FD7038700AA79E7 /* Commendo */;
			targetProxy = A383DEAA2FD7038900AA79E7 /* PBXContainerItemProxy */;
		};
/* End PBXTargetDependency section */

/* Begin XCBuildConfiguration section */
		A383DEB12FD7038900AA79E7 /* Debug */ = {
			isa = XCBuildConfiguration;
			buildSettings = {
				ALWAYS_SEARCH_USER_PATHS = NO;
				ASSETCATALOG_COMPILER_GENERATE_SWIFT_ASSET_SYMBOL_EXTENSIONS = YES;
				CLANG_ANALYZER_NONNULL = YES;
				CLANG_ANALYZER_NUMBER_OBJECT_CONVERSION = YES_AGGRESSIVE;
				CLANG_CXX_LANGUAGE_STANDARD = "gnu++20";
				CLANG_ENABLE_MODULES = YES;
				CLANG_ENABLE_OBJC_ARC = YES;
				CLANG_ENABLE_OBJC_WEAK = YES;
				CLANG_WARN_BLOCK_CAPTURE_AUTORELEASING = YES;
				CLANG_WARN_BOOL_CONVERSION = YES;
				CLANG_WARN_COMMA = YES;
				CLANG_WARN_CONSTANT_CONVERSION = YES;
				CLANG_WARN_DEPRECATED_OBJC_IMPLEMENTATIONS = YES;
				CLANG_WARN_DIRECT_OBJC_ISA_USAGE = YES_ERROR;
				CLANG_WARN_DOCUMENTATION_COMMENTS = YES;
				CLANG_WARN_EMPTY_BODY = YES;
				CLANG_WARN_ENUM_CONVERSION = YES;
				CLANG_WARN_INFINITE_RECURSION = YES;
				CLANG_WARN_INT_CONVERSION = YES;
				CLANG_WARN_NON_LITERAL_NULL_CONVERSION = YES;
				CLANG_WARN_OBJC_IMPLICIT_RETAIN_SELF = YES;
				CLANG_WARN_OBJC_LITERAL_CONVERSION = YES;
				CLANG_WARN_OBJC_ROOT_CLASS = YES_ERROR;
				CLANG_WARN_QUOTED_INCLUDE_IN_FRAMEWORK_HEADER = YES;
				CLANG_WARN_RANGE_LOOP_ANALYSIS = YES;
				CLANG_WARN_STRICT_PROTOTYPES = YES;
				CLANG_WARN_SUSPICIOUS_MOVE = YES;
				CLANG_WARN_UNGUARDED_AVAILABILITY = YES_AGGRESSIVE;
				CLANG_WARN_UNREACHABLE_CODE = YES;
				CLANG_WARN__DUPLICATE_METHOD_MATCH = YES;
				COPY_PHASE_STRIP = NO;
				DEBUG_INFORMATION_FORMAT = dwarf;
				DEVELOPMENT_TEAM = L289H6Z6JS;
				ENABLE_STRICT_OBJC_MSGSEND = YES;
				ENABLE_TESTABILITY = YES;
				ENABLE_USER_SCRIPT_SANDBOXING = YES;
				GCC_C_LANGUAGE_STANDARD = gnu17;
				GCC_DYNAMIC_NO_PIC = NO;
				GCC_NO_COMMON_BLOCKS = YES;
				GCC_OPTIMIZATION_LEVEL = 0;
				GCC_PREPROCESSOR_DEFINITIONS = (
					"DEBUG=1",
					"$(inherited)",
				);
				GCC_WARN_64_TO_32_BIT_CONVERSION = YES;
				GCC_WARN_ABOUT_RETURN_TYPE = YES_ERROR;
				GCC_WARN_UNDECLARED_SELECTOR = YES;
				GCC_WARN_UNINITIALIZED_AUTOS = YES_AGGRESSIVE;
				GCC_WARN_UNUSED_FUNCTION = YES;
				GCC_WARN_UNUSED_VARIABLE = YES;
				IPHONEOS_DEPLOYMENT_TARGET = 26.5;
				LOCALIZATION_PREFERS_STRING_CATALOGS = YES;
				MTL_ENABLE_DEBUG_INFO = INCLUDE_SOURCE;
				MTL_FAST_MATH = YES;
				ONLY_ACTIVE_ARCH = YES;
				SDKROOT = iphoneos;
				SWIFT_ACTIVE_COMPILATION_CONDITIONS = "DEBUG $(inherited)";
				SWIFT_OPTIMIZATION_LEVEL = "-Onone";
			};
			name = Debug;
		};
		A383DEB22FD7038900AA79E7 /* Release */ = {
			isa = XCBuildConfiguration;
			buildSettings = {
				ALWAYS_SEARCH_USER_PATHS = NO;
				ASSETCATALOG_COMPILER_GENERATE_SWIFT_ASSET_SYMBOL_EXTENSIONS = YES;
				CLANG_ANALYZER_NONNULL = YES;
				CLANG_ANALYZER_NUMBER_OBJECT_CONVERSION = YES_AGGRESSIVE;
				CLANG_CXX_LANGUAGE_STANDARD = "gnu++20";
				CLANG_ENABLE_MODULES = YES;
				CLANG_ENABLE_OBJC_ARC = YES;
				CLANG_ENABLE_OBJC_WEAK = YES;
				CLANG_WARN_BLOCK_CAPTURE_AUTORELEASING = YES;
				CLANG_WARN_BOOL_CONVERSION = YES;
				CLANG_WARN_COMMA = YES;
				CLANG_WARN_CONSTANT_CONVERSION = YES;
				CLANG_WARN_DEPRECATED_OBJC_IMPLEMENTATIONS = YES;
				CLANG_WARN_DIRECT_OBJC_ISA_USAGE = YES_ERROR;
				CLANG_WARN_DOCUMENTATION_COMMENTS = YES;
				CLANG_WARN_EMPTY_BODY = YES;
				CLANG_WARN_ENUM_CONVERSION = YES;
				CLANG_WARN_INFINITE_RECURSION = YES;
				CLANG_WARN_INT_CONVERSION = YES;
				CLANG_WARN_NON_LITERAL_NULL_CONVERSION = YES;
				CLANG_WARN_OBJC_IMPLICIT_RETAIN_SELF = YES;
				CLANG_WARN_OBJC_LITERAL_CONVERSION = YES;
				CLANG_WARN_OBJC_ROOT_CLASS = YES_ERROR;
				CLANG_WARN_QUOTED_INCLUDE_IN_FRAMEWORK_HEADER = YES;
				CLANG_WARN_RANGE_LOOP_ANALYSIS = YES;
				CLANG_WARN_STRICT_PROTOTYPES = YES;
				CLANG_WARN_SUSPICIOUS_MOVE = YES;
				CLANG_WARN_UNGUARDED_AVAILABILITY = YES_AGGRESSIVE;
				CLANG_WARN_UNREACHABLE_CODE = YES;
				CLANG_WARN__DUPLICATE_METHOD_MATCH = YES;
				COPY_PHASE_STRIP = NO;
				DEBUG_INFORMATION_FORMAT = "dwarf-with-dsym";
				DEVELOPMENT_TEAM = L289H6Z6JS;
				ENABLE_NS_ASSERTIONS = NO;
				ENABLE_STRICT_OBJC_MSGSEND = YES;
				ENABLE_USER_SCRIPT_SANDBOXING = YES;
				GCC_C_LANGUAGE_STANDARD = gnu17;
				GCC_NO_COMMON_BLOCKS = YES;
				GCC_WARN_64_TO_32_BIT_CONVERSION = YES;
				GCC_WARN_ABOUT_RETURN_TYPE = YES_ERROR;
				GCC_WARN_UNDECLARED_SELECTOR = YES;
				GCC_WARN_UNINITIALIZED_AUTOS = YES_AGGRESSIVE;
				GCC_WARN_UNUSED_FUNCTION = YES;
				GCC_WARN_UNUSED_VARIABLE = YES;
				IPHONEOS_DEPLOYMENT_TARGET = 26.5;
				LOCALIZATION_PREFERS_STRING_CATALOGS = YES;
				MTL_ENABLE_DEBUG_INFO = NO;
				MTL_FAST_MATH = YES;
				SDKROOT = iphoneos;
				SWIFT_COMPILATION_MODE = wholemodule;
				VALIDATE_PRODUCT = YES;
			};
			name = Release;
		};
		A383DEB42FD7038900AA79E7 /* Debug */ = {
			isa = XCBuildConfiguration;
			baseConfigurationReference = A383DEC12FD7270000AA79E7 /* Config/App.xcconfig */;
			buildSettings = {
				ASSETCATALOG_COMPILER_APPICON_NAME = AppIcon;
				ASSETCATALOG_COMPILER_GLOBAL_ACCENT_COLOR_NAME = AccentColor;
				CODE_SIGN_STYLE = Automatic;
				CURRENT_PROJECT_VERSION = 1;
				DEVELOPMENT_TEAM = L289H6Z6JS;
				ENABLE_PREVIEWS = YES;
				GENERATE_INFOPLIST_FILE = NO;
				INFOPLIST_FILE = Commendo/Info.plist;
				IPHONEOS_DEPLOYMENT_TARGET = 26.0;
				LD_RUNPATH_SEARCH_PATHS = (
					"$(inherited)",
					"@executable_path/Frameworks",
				);
				MARKETING_VERSION = 1.0;
				PRODUCT_BUNDLE_IDENTIFIER = com.sunkeydokey.Commendo;
				PRODUCT_NAME = "$(TARGET_NAME)";
				STRING_CATALOG_GENERATE_SYMBOLS = YES;
				SUPPORTED_PLATFORMS = "iphoneos iphonesimulator";
				SUPPORTS_MACCATALYST = NO;
				SUPPORTS_MAC_DESIGNED_FOR_IPHONE_IPAD = NO;
				SUPPORTS_XR_DESIGNED_FOR_IPHONE_IPAD = NO;
				SWIFT_APPROACHABLE_CONCURRENCY = YES;
				SWIFT_DEFAULT_ACTOR_ISOLATION = MainActor;
				SWIFT_EMIT_LOC_STRINGS = YES;
				SWIFT_UPCOMING_FEATURE_MEMBER_IMPORT_VISIBILITY = YES;
				SWIFT_VERSION = 5.0;
				TARGETED_DEVICE_FAMILY = "1,2";
			};
			name = Debug;
		};
		A383DEB52FD7038900AA79E7 /* Release */ = {
			isa = XCBuildConfiguration;
			baseConfigurationReference = A383DEC12FD7270000AA79E7 /* Config/App.xcconfig */;
			buildSettings = {
				ASSETCATALOG_COMPILER_APPICON_NAME = AppIcon;
				ASSETCATALOG_COMPILER_GLOBAL_ACCENT_COLOR_NAME = AccentColor;
				CODE_SIGN_STYLE = Automatic;
				CURRENT_PROJECT_VERSION = 1;
				DEVELOPMENT_TEAM = L289H6Z6JS;
				ENABLE_PREVIEWS = YES;
				GENERATE_INFOPLIST_FILE = NO;
				INFOPLIST_FILE = Commendo/Info.plist;
				IPHONEOS_DEPLOYMENT_TARGET = 26.0;
				LD_RUNPATH_SEARCH_PATHS = (
					"$(inherited)",
					"@executable_path/Frameworks",
				);
				MARKETING_VERSION = 1.0;
				PRODUCT_BUNDLE_IDENTIFIER = com.sunkeydokey.Commendo;
				PRODUCT_NAME = "$(TARGET_NAME)";
				STRING_CATALOG_GENERATE_SYMBOLS = YES;
				SUPPORTED_PLATFORMS = "iphoneos iphonesimulator";
				SUPPORTS_MACCATALYST = NO;
				SUPPORTS_MAC_DESIGNED_FOR_IPHONE_IPAD = NO;
				SUPPORTS_XR_DESIGNED_FOR_IPHONE_IPAD = NO;
				SWIFT_APPROACHABLE_CONCURRENCY = YES;
				SWIFT_DEFAULT_ACTOR_ISOLATION = MainActor;
				SWIFT_EMIT_LOC_STRINGS = YES;
				SWIFT_UPCOMING_FEATURE_MEMBER_IMPORT_VISIBILITY = YES;
				SWIFT_VERSION = 5.0;
				TARGETED_DEVICE_FAMILY = "1,2";
			};
			name = Release;
		};
		A383DEB72FD7038900AA79E7 /* Debug */ = {
			isa = XCBuildConfiguration;
			buildSettings = {
				BUNDLE_LOADER = "$(TEST_HOST)";
				CODE_SIGN_STYLE = Automatic;
				CURRENT_PROJECT_VERSION = 1;
				DEVELOPMENT_TEAM = L289H6Z6JS;
				GENERATE_INFOPLIST_FILE = YES;
				IPHONEOS_DEPLOYMENT_TARGET = 26.5;
				MARKETING_VERSION = 1.0;
				PRODUCT_BUNDLE_IDENTIFIER = com.sunkeydokey.CommendoTests;
				PRODUCT_NAME = "$(TARGET_NAME)";
				STRING_CATALOG_GENERATE_SYMBOLS = NO;
				SWIFT_APPROACHABLE_CONCURRENCY = YES;
				SWIFT_EMIT_LOC_STRINGS = NO;
				SWIFT_UPCOMING_FEATURE_MEMBER_IMPORT_VISIBILITY = YES;
				SWIFT_VERSION = 5.0;
				TARGETED_DEVICE_FAMILY = "1,2";
				TEST_HOST = "$(BUILT_PRODUCTS_DIR)/Commendo.app/$(BUNDLE_EXECUTABLE_FOLDER_PATH)/Commendo";
			};
			name = Debug;
		};
		A383DEB82FD7038900AA79E7 /* Release */ = {
			isa = XCBuildConfiguration;
			buildSettings = {
				BUNDLE_LOADER = "$(TEST_HOST)";
				CODE_SIGN_STYLE = Automatic;
				CURRENT_PROJECT_VERSION = 1;
				DEVELOPMENT_TEAM = L289H6Z6JS;
				GENERATE_INFOPLIST_FILE = YES;
				IPHONEOS_DEPLOYMENT_TARGET = 26.5;
				MARKETING_VERSION = 1.0;
				PRODUCT_BUNDLE_IDENTIFIER = com.sunkeydokey.CommendoTests;
				PRODUCT_NAME = "$(TARGET_NAME)";
				STRING_CATALOG_GENERATE_SYMBOLS = NO;
				SWIFT_APPROACHABLE_CONCURRENCY = YES;
				SWIFT_EMIT_LOC_STRINGS = NO;
				SWIFT_UPCOMING_FEATURE_MEMBER_IMPORT_VISIBILITY = YES;
				SWIFT_VERSION = 5.0;
				TARGETED_DEVICE_FAMILY = "1,2";
				TEST_HOST = "$(BUILT_PRODUCTS_DIR)/Commendo.app/$(BUNDLE_EXECUTABLE_FOLDER_PATH)/Commendo";
			};
			name = Release;
		};
		A383DEBA2FD7038900AA79E7 /* Debug */ = {
			isa = XCBuildConfiguration;
			buildSettings = {
				CODE_SIGN_STYLE = Automatic;
				CURRENT_PROJECT_VERSION = 1;
				DEVELOPMENT_TEAM = L289H6Z6JS;
				GENERATE_INFOPLIST_FILE = YES;
				MARKETING_VERSION = 1.0;
				PRODUCT_BUNDLE_IDENTIFIER = com.sunkeydokey.CommendoUITests;
				PRODUCT_NAME = "$(TARGET_NAME)";
				STRING_CATALOG_GENERATE_SYMBOLS = NO;
				SWIFT_APPROACHABLE_CONCURRENCY = YES;
				SWIFT_EMIT_LOC_STRINGS = NO;
				SWIFT_UPCOMING_FEATURE_MEMBER_IMPORT_VISIBILITY = YES;
				SWIFT_VERSION = 5.0;
				TARGETED_DEVICE_FAMILY = "1,2";
				TEST_TARGET_NAME = Commendo;
			};
			name = Debug;
		};
		A383DEBB2FD7038900AA79E7 /* Release */ = {
			isa = XCBuildConfiguration;
			buildSettings = {
				CODE_SIGN_STYLE = Automatic;
				CURRENT_PROJECT_VERSION = 1;
				DEVELOPMENT_TEAM = L289H6Z6JS;
				GENERATE_INFOPLIST_FILE = YES;
				MARKETING_VERSION = 1.0;
				PRODUCT_BUNDLE_IDENTIFIER = com.sunkeydokey.CommendoUITests;
				PRODUCT_NAME = "$(TARGET_NAME)";
				STRING_CATALOG_GENERATE_SYMBOLS = NO;
				SWIFT_APPROACHABLE_CONCURRENCY = YES;
				SWIFT_EMIT_LOC_STRINGS = NO;
				SWIFT_UPCOMING_FEATURE_MEMBER_IMPORT_VISIBILITY = YES;
				SWIFT_VERSION = 5.0;
				TARGETED_DEVICE_FAMILY = "1,2";
				TEST_TARGET_NAME = Commendo;
			};
			name = Release;
		};
/* End XCBuildConfiguration section */

/* Begin XCConfigurationList section */
		A383DE8B2FD7038700AA79E7 /* Build configuration list for PBXProject "Commendo" */ = {
			isa = XCConfigurationList;
			buildConfigurations = (
				A383DEB12FD7038900AA79E7 /* Debug */,
				A383DEB22FD7038900AA79E7 /* Release */,
			);
			defaultConfigurationIsVisible = 0;
			defaultConfigurationName = Release;
		};
		A383DEB32FD7038900AA79E7 /* Build configuration list for PBXNativeTarget "Commendo" */ = {
			isa = XCConfigurationList;
			buildConfigurations = (
				A383DEB42FD7038900AA79E7 /* Debug */,
				A383DEB52FD7038900AA79E7 /* Release */,
			);
			defaultConfigurationIsVisible = 0;
			defaultConfigurationName = Release;
		};
		A383DEB62FD7038900AA79E7 /* Build configuration list for PBXNativeTarget "CommendoTests" */ = {
			isa = XCConfigurationList;
			buildConfigurations = (
				A383DEB72FD7038900AA79E7 /* Debug */,
				A383DEB82FD7038900AA79E7 /* Release */,
			);
			defaultConfigurationIsVisible = 0;
			defaultConfigurationName = Release;
		};
		A383DEB92FD7038900AA79E7 /* Build configuration list for PBXNativeTarget "CommendoUITests" */ = {
			isa = XCConfigurationList;
			buildConfigurations = (
				A383DEBA2FD7038900AA79E7 /* Debug */,
				A383DEBB2FD7038900AA79E7 /* Release */,
			);
			defaultConfigurationIsVisible = 0;
			defaultConfigurationName = Release;
		};
/* End XCConfigurationList section */
	};
	rootObject = A383DE882FD7038700AA79E7 /* Project object */;
}
